
Microsoft Visual Studio Solution File, Format Version 12.00
# Visual Studio 15
VisualStudioVersion = 15.0.28307.539
MinimumVisualStudioVersion = 10.0.40219.1
Project("{FAE04EC0-301F-11D3-BF4B-00C04F79EFBC}") = "Blackjack.Console", "Blackjack.Console\Blackjack.Console.csproj", "{9276629E-5CB4-4A2A-A2B0-FF7B44E3D0EF}"
EndProject
Global
	GlobalSection(SolutionConfigurationPlatforms) = preSolution
		Debug|Any CPU = Debug|Any CPU
		Release|Any CPU = Release|Any CPU
	EndGlobalSection
	GlobalSection(ProjectConfigurationPlatforms) = postSolution
		{9276629E-5CB4-4A2A-A2B0-FF7B44E3D0EF}.Debug|Any CPU.ActiveCfg = Debug|Any CPU
		{9276629E-5CB4-4A2A-A2B0-FF7B44E3D0EF}.Debug|Any CPU.Build.0 = Debug|Any CPU
		{9276629E-5CB4-4A2A-A2B0-FF7B44E3D0EF}.Release|Any CPU.ActiveCfg = Release|Any CPU
		{9276629E-5CB4-4A2A-A2B0-FF7B44E3D0EF}.Release|Any CPU.Build.0 = Release|Any CPU
	EndGlobalSection
	GlobalSection(SolutionProperties) = preSolution
		HideSolutionNode = FALSE
	EndGlobalSection
	GlobalSection(ExtensibilityGlobals) = postSolution
		SolutionGuid = {84188DFE-4325-475B-B117-49031AC6C0D0}
	EndGlobalSection
EndGlobal
